
Microsoft Visual Studio Solution File, Format Version 12.00
# Visual Studio Version 17
VisualStudioVersion = 17.13.35919.96 d17.13
MinimumVisualStudioVersion = 10.0.40219.1
Project("{FAE04EC0-301F-11D3-BF4B-00C04F79EFBC}") = "ExamenT3", "ExamenT3\ExamenT3.csproj", "{0F8418D9-A8FA-42CC-B5D9-2F6B46F2CF11}"
EndProject
Project("{FAE04EC0-301F-11D3-BF4B-00C04F79EFBC}") = "Biblioteca", "Biblioteca\Biblioteca.csproj", "{FD127364-11C9-44AB-BFC1-8492D273C4FF}"
EndProject
Global
	GlobalSection(SolutionConfigurationPlatforms) = preSolution
		Debug|Any CPU = Debug|Any CPU
		Release|Any CPU = Release|Any CPU
	EndGlobalSection
	GlobalSection(ProjectConfigurationPlatforms) = postSolution
		{0F8418D9-A8FA-42CC-B5D9-2F6B46F2CF11}.Debug|Any CPU.ActiveCfg = Debug|Any CPU
		{0F8418D9-A8FA-42CC-B5D9-2F6B46F2CF11}.Debug|Any CPU.Build.0 = Debug|Any CPU
		{0F8418D9-A8FA-42CC-B5D9-2F6B46F2CF11}.Release|Any CPU.ActiveCfg = Release|Any CPU
		{0F8418D9-A8FA-42CC-B5D9-2F6B46F2CF11}.Release|Any CPU.Build.0 = Release|Any CPU
		{FD127364-11C9-44AB-BFC1-8492D273C4FF}.Debug|Any CPU.ActiveCfg = Debug|Any CPU
		{FD127364-11C9-44AB-BFC1-8492D273C4FF}.Debug|Any CPU.Build.0 = Debug|Any CPU
		{FD127364-11C9-44AB-BFC1-8492D273C4FF}.Release|Any CPU.ActiveCfg = Release|Any CPU
		{FD127364-11C9-44AB-BFC1-8492D273C4FF}.Release|Any CPU.Build.0 = Release|Any CPU
	EndGlobalSection
	GlobalSection(SolutionProperties) = preSolution
		HideSolutionNode = FALSE
	EndGlobalSection
	GlobalSection(ExtensibilityGlobals) = postSolution
		SolutionGuid = {453AE7E4-13F3-4DAC-BACD-DC456F8923D1}
	EndGlobalSection
EndGlobal
